// !$*UTF8*$!
{
	archiveVersion = 1;
	classes = {
	};
	objectVersion = 56;
	objects = {

/* Begin PBXBuildFile section */
		600B17682A5D6E2200CA28BE /* IntroView.swift in Sources */ = {isa = PBXBuildFile; fileRef = 600B17672A5D6E2200CA28BE /* IntroView.swift */; };
		6035373729DA287F008C7881 /* qrCodeView.swift in Sources */ = {isa = PBXBuildFile; fileRef = 6035373629DA287F008C7881 /* qrCodeView.swift */; };
		6073C2CB2A52123D002C9CDB /* SettingsView.swift in Sources */ = {isa = PBXBuildFile; fileRef = 6073C2CA2A52123D002C9CDB /* SettingsView.swift */; };
		607E6A4A29D8EF3700A12B32 /* qrCodeSwiftUIApp.swift in Sources */ = {isa = PBXBuildFile; fileRef = 607E6A4929D8EF3700A12B32 /* qrCodeSwiftUIApp.swift */; };
		607E6A4C29D8EF3700A12B32 /* ContentView.swift in Sources */ = {isa = PBXBuildFile; fileRef = 607E6A4B29D8EF3700A12B32 /* ContentView.swift */; };
		607E6A4E29D8EF3800A12B32 /* Assets.xcassets in Resources */ = {isa = PBXBuildFile; fileRef = 607E6A4D29D8EF3800A12B32 /* Assets.xcassets */; };
		607E6A5129D8EF3800A12B32 /* Preview Assets.xcassets in Resources */ = {isa = PBXBuildFile; fileRef = 607E6A5029D8EF3800A12B32 /* Preview Assets.xcassets */; };
		6084D5582A602F46005AC588 /* SplashScreenView.swift in Sources */ = {isa = PBXBuildFile; fileRef = 6084D5572A602F46005AC588 /* SplashScreenView.swift */; };
		60991C3629DE372F003F148B /* qrCodeListView.swift in Sources */ = {isa = PBXBuildFile; fileRef = 60991C3529DE372F003F148B /* qrCodeListView.swift */; };
		60991C3829DE39F8003F148B /* qrCodeRow.swift in Sources */ = {isa = PBXBuildFile; fileRef = 60991C3729DE39F8003F148B /* qrCodeRow.swift */; };
		60991C3A29DED400003F148B /* addressFormView.swift in Sources */ = {isa = PBXBuildFile; fileRef = 60991C3929DED400003F148B /* addressFormView.swift */; };
		60991C3C29DED5EC003F148B /* CustomTextFieldStyle.swift in Sources */ = {isa = PBXBuildFile; fileRef = 60991C3B29DED5EC003F148B /* CustomTextFieldStyle.swift */; };
		60991C3E29DEDFDC003F148B /* AddressListView.swift in Sources */ = {isa = PBXBuildFile; fileRef = 60991C3D29DEDFDC003F148B /* AddressListView.swift */; };
		60991C4029DF35DF003F148B /* CircleImage.swift in Sources */ = {isa = PBXBuildFile; fileRef = 60991C3F29DF35DF003F148B /* CircleImage.swift */; };
		60991C4529DF6E23003F148B /* Stores.swift in Sources */ = {isa = PBXBuildFile; fileRef = 60991C4429DF6E23003F148B /* Stores.swift */; };
		60991C4729DF7049003F148B /* ModelData.swift in Sources */ = {isa = PBXBuildFile; fileRef = 60991C4629DF7049003F148B /* ModelData.swift */; };
		60991C4A29DF728D003F148B /* MapView.swift in Sources */ = {isa = PBXBuildFile; fileRef = 60991C4929DF728D003F148B /* MapView.swift */; };
		60991C4C29DF72DB003F148B /* StoreRow.swift in Sources */ = {isa = PBXBuildFile; fileRef = 60991C4B29DF72DB003F148B /* StoreRow.swift */; };
		60991C4E29DF7B6C003F148B /* StoreList.swift in Sources */ = {isa = PBXBuildFile; fileRef = 60991C4D29DF7B6C003F148B /* StoreList.swift */; };
		60991C5029DF7C06003F148B /* StoreDetail.swift in Sources */ = {isa = PBXBuildFile; fileRef = 60991C4F29DF7C06003F148B /* StoreDetail.swift */; };
/* End PBXBuildFile section */

/* Begin PBXFileReference section */
		600B17672A5D6E2200CA28BE /* IntroView.swift */ = {isa = PBXFileReference; lastKnownFileType = sourcecode.swift; path = IntroView.swift; sourceTree = "<group>"; };
		6035373629DA287F008C7881 /* qrCodeView.swift */ = {isa = PBXFileReference; lastKnownFileType = sourcecode.swift; path = qrCodeView.swift; sourceTree = "<group>"; };
		6073C2CA2A52123D002C9CDB /* SettingsView.swift */ = {isa = PBXFileReference; lastKnownFileType = sourcecode.swift; path = SettingsView.swift; sourceTree = "<group>"; };
		607E6A4629D8EF3700A12B32 /* qrCodeSwiftUI.app */ = {isa = PBXFileReference; explicitFileType = wrapper.application; includeInIndex = 0; path = qrCodeSwiftUI.app; sourceTree = BUILT_PRODUCTS_DIR; };
		607E6A4929D8EF3700A12B32 /* qrCodeSwiftUIApp.swift */ = {isa = PBXFileReference; lastKnownFileType = sourcecode.swift; path = qrCodeSwiftUIApp.swift; sourceTree = "<group>"; };
		607E6A4B29D8EF3700A12B32 /* ContentView.swift */ = {isa = PBXFileReference; lastKnownFileType = sourcecode.swift; path = ContentView.swift; sourceTree = "<group>"; };
		607E6A4D29D8EF3800A12B32 /* Assets.xcassets */ = {isa = PBXFileReference; lastKnownFileType = folder.assetcatalog; path = Assets.xcassets; sourceTree = "<group>"; };
		607E6A5029D8EF3800A12B32 /* Preview Assets.xcassets */ = {isa = PBXFileReference; lastKnownFileType = folder.assetcatalog; path = "Preview Assets.xcassets"; sourceTree = "<group>"; };
		6084D5572A602F46005AC588 /* SplashScreenView.swift */ = {isa = PBXFileReference; lastKnownFileType = sourcecode.swift; path = SplashScreenView.swift; sourceTree = "<group>"; };
		60991C3529DE372F003F148B /* qrCodeListView.swift */ = {isa = PBXFileReference; lastKnownFileType = sourcecode.swift; path = qrCodeListView.swift; sourceTree = "<group>"; };
		60991C3729DE39F8003F148B /* qrCodeRow.swift */ = {isa = PBXFileReference; lastKnownFileType = sourcecode.swift; path = qrCodeRow.swift; sourceTree = "<group>"; };
		60991C3929DED400003F148B /* addressFormView.swift */ = {isa = PBXFileReference; lastKnownFileType = sourcecode.swift; path = addressFormView.swift; sourceTree = "<group>"; };
		60991C3B29DED5EC003F148B /* CustomTextFieldStyle.swift */ = {isa = PBXFileReference; lastKnownFileType = sourcecode.swift; path = CustomTextFieldStyle.swift; sourceTree = "<group>"; };
		60991C3D29DEDFDC003F148B /* AddressListView.swift */ = {isa = PBXFileReference; lastKnownFileType = sourcecode.swift; path = AddressListView.swift; sourceTree = "<group>"; };
		60991C3F29DF35DF003F148B /* CircleImage.swift */ = {isa = PBXFileReference; lastKnownFileType = sourcecode.swift; path = CircleImage.swift; sourceTree = "<group>"; };
		60991C4429DF6E23003F148B /* Stores.swift */ = {isa = PBXFileReference; lastKnownFileType = sourcecode.swift; path = Stores.swift; sourceTree = "<group>"; };
		60991C4629DF7049003F148B /* ModelData.swift */ = {isa = PBXFileReference; lastKnownFileType = sourcecode.swift; path = ModelData.swift; sourceTree = "<group>"; };
		60991C4929DF728D003F148B /* MapView.swift */ = {isa = PBXFileReference; lastKnownFileType = sourcecode.swift; path = MapView.swift; sourceTree = "<group>"; };
		60991C4B29DF72DB003F148B /* StoreRow.swift */ = {isa = PBXFileReference; lastKnownFileType = sourcecode.swift; path = StoreRow.swift; sourceTree = "<group>"; };
		60991C4D29DF7B6C003F148B /* StoreList.swift */ = {isa = PBXFileReference; lastKnownFileType = sourcecode.swift; path = StoreList.swift; sourceTree = "<group>"; };
		60991C4F29DF7C06003F148B /* StoreDetail.swift */ = {isa = PBXFileReference; lastKnownFileType = sourcecode.swift; path = StoreDetail.swift; sourceTree = "<group>"; };
/* End PBXFileReference section */

/* Begin PBXFrameworksBuildPhase section */
		607E6A4329D8EF3700A12B32 /* Frameworks */ = {
			isa = PBXFrameworksBuildPhase;
			buildActionMask = 2147483647;
			files = (
			);
			runOnlyForDeploymentPostprocessing = 0;
		};
/* End PBXFrameworksBuildPhase section */

/* Begin PBXGroup section */
		600B17662A5D6E1100CA28BE /* IntroView */ = {
			isa = PBXGroup;
			children = (
				600B17672A5D6E2200CA28BE /* IntroView.swift */,
				6084D5572A602F46005AC588 /* SplashScreenView.swift */,
			);
			path = IntroView;
			sourceTree = "<group>";
		};
		6042879829E0574F009798B5 /* Address QR Code List */ = {
			isa = PBXGroup;
			children = (
				60991C3529DE372F003F148B /* qrCodeListView.swift */,
				6035373629DA287F008C7881 /* qrCodeView.swift */,
				60991C3729DE39F8003F148B /* qrCodeRow.swift */,
				60991C3D29DEDFDC003F148B /* AddressListView.swift */,
			);
			path = "Address QR Code List";
			sourceTree = "<group>";
		};
		6042879929E057F9009798B5 /* Add Address */ = {
			isa = PBXGroup;
			children = (
				60991C3B29DED5EC003F148B /* CustomTextFieldStyle.swift */,
				60991C3929DED400003F148B /* addressFormView.swift */,
			);
			path = "Add Address";
			sourceTree = "<group>";
		};
		607E6A3D29D8EF3700A12B32 = {
			isa = PBXGroup;
			children = (
				607E6A4829D8EF3700A12B32 /* qrCodeSwiftUI */,
				607E6A4729D8EF3700A12B32 /* Products */,
			);
			sourceTree = "<group>";
		};
		607E6A4729D8EF3700A12B32 /* Products */ = {
			isa = PBXGroup;
			children = (
				607E6A4629D8EF3700A12B32 /* qrCodeSwiftUI.app */,
			);
			name = Products;
			sourceTree = "<group>";
		};
		607E6A4829D8EF3700A12B32 /* qrCodeSwiftUI */ = {
			isa = PBXGroup;
			children = (
				607E6A4929D8EF3700A12B32 /* qrCodeSwiftUIApp.swift */,
				607E6A4B29D8EF3700A12B32 /* ContentView.swift */,
				6073C2CA2A52123D002C9CDB /* SettingsView.swift */,
				600B17662A5D6E1100CA28BE /* IntroView */,
				60991C4329DF6E0B003F148B /* Model */,
				6042879929E057F9009798B5 /* Add Address */,
				60991C4829DF7263003F148B /* Store Views */,
				6042879829E0574F009798B5 /* Address QR Code List */,
				607E6A4D29D8EF3800A12B32 /* Assets.xcassets */,
				607E6A4F29D8EF3800A12B32 /* Preview Content */,
			);
			path = qrCodeSwiftUI;
			sourceTree = "<group>";
		};
		607E6A4F29D8EF3800A12B32 /* Preview Content */ = {
			isa = PBXGroup;
			children = (
				607E6A5029D8EF3800A12B32 /* Preview Assets.xcassets */,
			);
			path = "Preview Content";
			sourceTree = "<group>";
		};
		60991C4329DF6E0B003F148B /* Model */ = {
			isa = PBXGroup;
			children = (
				60991C4429DF6E23003F148B /* Stores.swift */,
				60991C4629DF7049003F148B /* ModelData.swift */,
			);
			path = Model;
			sourceTree = "<group>";
		};
		60991C4829DF7263003F148B /* Store Views */ = {
			isa = PBXGroup;
			children = (
				60991C3F29DF35DF003F148B /* CircleImage.swift */,
				60991C4929DF728D003F148B /* MapView.swift */,
				60991C4B29DF72DB003F148B /* StoreRow.swift */,
				60991C4D29DF7B6C003F148B /* StoreList.swift */,
				60991C4F29DF7C06003F148B /* StoreDetail.swift */,
			);
			path = "Store Views";
			sourceTree = "<group>";
		};
/* End PBXGroup section */

/* Begin PBXNativeTarget section */
		607E6A4529D8EF3700A12B32 /* qrCodeSwiftUI */ = {
			isa = PBXNativeTarget;
			buildConfigurationList = 607E6A5429D8EF3800A12B32 /* Build configuration list for PBXNativeTarget "qrCodeSwiftUI" */;
			buildPhases = (
				607E6A4229D8EF3700A12B32 /* Sources */,
				607E6A4329D8EF3700A12B32 /* Frameworks */,
				607E6A4429D8EF3700A12B32 /* Resources */,
			);
			buildRules = (
			);
			dependencies = (
			);
			name = qrCodeSwiftUI;
			productName = qrCodeSwiftUI;
			productReference = 607E6A4629D8EF3700A12B32 /* qrCodeSwiftUI.app */;
			productType = "com.apple.product-type.application";
		};
/* End PBXNativeTarget section */

/* Begin PBXProject section */
		607E6A3E29D8EF3700A12B32 /* Project object */ = {
			isa = PBXProject;
			attributes = {
				BuildIndependentTargetsInParallel = 1;
				LastSwiftUpdateCheck = 1420;
				LastUpgradeCheck = 1420;
				TargetAttributes = {
					607E6A4529D8EF3700A12B32 = {
						CreatedOnToolsVersion = 14.2;
					};
				};
			};
			buildConfigurationList = 607E6A4129D8EF3700A12B32 /* Build configuration list for PBXProject "qrCodeSwiftUI" */;
			compatibilityVersion = "Xcode 14.0";
			developmentRegion = en;
			hasScannedForEncodings = 0;
			knownRegions = (
				en,
				Base,
			);
			mainGroup = 607E6A3D29D8EF3700A12B32;
			productRefGroup = 607E6A4729D8EF3700A12B32 /* Products */;
			projectDirPath = "";
			projectRoot = "";
			targets = (
				607E6A4529D8EF3700A12B32 /* qrCodeSwiftUI */,
			);
		};
/* End PBXProject section */

/* Begin PBXResourcesBuildPhase section */
		607E6A4429D8EF3700A12B32 /* Resources */ = {
			isa = PBXResourcesBuildPhase;
			buildActionMask = 2147483647;
			files = (
				607E6A5129D8EF3800A12B32 /* Preview Assets.xcassets in Resources */,
				607E6A4E29D8EF3800A12B32 /* Assets.xcassets in Resources */,
			);
			runOnlyForDeploymentPostprocessing = 0;
		};
/* End PBXResourcesBuildPhase section */

/* Begin PBXSourcesBuildPhase section */
		607E6A4229D8EF3700A12B32 /* Sources */ = {
			isa = PBXSourcesBuildPhase;
			buildActionMask = 2147483647;
			files = (
				60991C3829DE39F8003F148B /* qrCodeRow.swift in Sources */,
				60991C3C29DED5EC003F148B /* CustomTextFieldStyle.swift in Sources */,
				60991C4C29DF72DB003F148B /* StoreRow.swift in Sources */,
				6035373729DA287F008C7881 /* qrCodeView.swift in Sources */,
				60991C4029DF35DF003F148B /* CircleImage.swift in Sources */,
				60991C4729DF7049003F148B /* ModelData.swift in Sources */,
				60991C4529DF6E23003F148B /* Stores.swift in Sources */,
				60991C4A29DF728D003F148B /* MapView.swift in Sources */,
				60991C3E29DEDFDC003F148B /* AddressListView.swift in Sources */,
				6073C2CB2A52123D002C9CDB /* SettingsView.swift in Sources */,
				607E6A4C29D8EF3700A12B32 /* ContentView.swift in Sources */,
				6084D5582A602F46005AC588 /* SplashScreenView.swift in Sources */,
				60991C3629DE372F003F148B /* qrCodeListView.swift in Sources */,
				60991C4E29DF7B6C003F148B /* StoreList.swift in Sources */,
				600B17682A5D6E2200CA28BE /* IntroView.swift in Sources */,
				60991C5029DF7C06003F148B /* StoreDetail.swift in Sources */,
				60991C3A29DED400003F148B /* addressFormView.swift in Sources */,
				607E6A4A29D8EF3700A12B32 /* qrCodeSwiftUIApp.swift in Sources */,
			);
			runOnlyForDeploymentPostprocessing = 0;
		};
/* End PBXSourcesBuildPhase section */

/* Begin XCBuildConfiguration section */
		607E6A5229D8EF3800A12B32 /* Debug */ = {
			isa = XCBuildConfiguration;
			buildSettings = {
				ALWAYS_SEARCH_USER_PATHS = NO;
				CLANG_ANALYZER_NONNULL = YES;
				CLANG_ANALYZER_NUMBER_OBJECT_CONVERSION = YES_AGGRESSIVE;
				CLANG_CXX_LANGUAGE_STANDARD = "gnu++20";
				CLANG_ENABLE_MODULES = YES;
				CLANG_ENABLE_OBJC_ARC = YES;
				CLANG_ENABLE_OBJC_WEAK = YES;
				CLANG_WARN_BLOCK_CAPTURE_AUTORELEASING = YES;
				CLANG_WARN_BOOL_CONVERSION = YES;
				CLANG_WARN_COMMA = YES;
				CLANG_WARN_CONSTANT_CONVERSION = YES;
				CLANG_WARN_DEPRECATED_OBJC_IMPLEMENTATIONS = YES;
				CLANG_WARN_DIRECT_OBJC_ISA_USAGE = YES_ERROR;
				CLANG_WARN_DOCUMENTATION_COMMENTS = YES;
				CLANG_WARN_EMPTY_BODY = YES;
				CLANG_WARN_ENUM_CONVERSION = YES;
				CLANG_WARN_INFINITE_RECURSION = YES;
				CLANG_WARN_INT_CONVERSION = YES;
				CLANG_WARN_NON_LITERAL_NULL_CONVERSION = YES;
				CLANG_WARN_OBJC_IMPLICIT_RETAIN_SELF = YES;
				CLANG_WARN_OBJC_LITERAL_CONVERSION = YES;
				CLANG_WARN_OBJC_ROOT_CLASS = YES_ERROR;
				CLANG_WARN_QUOTED_INCLUDE_IN_FRAMEWORK_HEADER = YES;
				CLANG_WARN_RANGE_LOOP_ANALYSIS = YES;
				CLANG_WARN_STRICT_PROTOTYPES = YES;
				CLANG_WARN_SUSPICIOUS_MOVE = YES;
				CLANG_WARN_UNGUARDED_AVAILABILITY = YES_AGGRESSIVE;
				CLANG_WARN_UNREACHABLE_CODE = YES;
				CLANG_WARN__DUPLICATE_METHOD_MATCH = YES;
				COPY_PHASE_STRIP = NO;
				DEBUG_INFORMATION_FORMAT = dwarf;
				ENABLE_STRICT_OBJC_MSGSEND = YES;
				ENABLE_TESTABILITY = YES;
				GCC_C_LANGUAGE_STANDARD = gnu11;
				GCC_DYNAMIC_NO_PIC = NO;
				GCC_NO_COMMON_BLOCKS = YES;
				GCC_OPTIMIZATION_LEVEL = 0;
				GCC_PREPROCESSOR_DEFINITIONS = (
					"DEBUG=1",
					"$(inherited)",
				);
				GCC_WARN_64_TO_32_BIT_CONVERSION = YES;
				GCC_WARN_ABOUT_RETURN_TYPE = YES_ERROR;
				GCC_WARN_UNDECLARED_SELECTOR = YES;
				GCC_WARN_UNINITIALIZED_AUTOS = YES_AGGRESSIVE;
				GCC_WARN_UNUSED_FUNCTION = YES;
				GCC_WARN_UNUSED_VARIABLE = YES;
				IPHONEOS_DEPLOYMENT_TARGET = 16.2;
				MTL_ENABLE_DEBUG_INFO = INCLUDE_SOURCE;
				MTL_FAST_MATH = YES;
				ONLY_ACTIVE_ARCH = YES;
				SDKROOT = iphoneos;
				SWIFT_ACTIVE_COMPILATION_CONDITIONS = DEBUG;
				SWIFT_OPTIMIZATION_LEVEL = "-Onone";
			};
			name = Debug;
		};
		607E6A5329D8EF3800A12B32 /* Release */ = {
			isa = XCBuildConfiguration;
			buildSettings = {
				ALWAYS_SEARCH_USER_PATHS = NO;
				CLANG_ANALYZER_NONNULL = YES;
				CLANG_ANALYZER_NUMBER_OBJECT_CONVERSION = YES_AGGRESSIVE;
				CLANG_CXX_LANGUAGE_STANDARD = "gnu++20";
				CLANG_ENABLE_MODULES = YES;
				CLANG_ENABLE_OBJC_ARC = YES;
				CLANG_ENABLE_OBJC_WEAK = YES;
				CLANG_WARN_BLOCK_CAPTURE_AUTORELEASING = YES;
				CLANG_WARN_BOOL_CONVERSION = YES;
				CLANG_WARN_COMMA = YES;
				CLANG_WARN_CONSTANT_CONVERSION = YES;
				CLANG_WARN_DEPRECATED_OBJC_IMPLEMENTATIONS = YES;
				CLANG_WARN_DIRECT_OBJC_ISA_USAGE = YES_ERROR;
				CLANG_WARN_DOCUMENTATION_COMMENTS = YES;
				CLANG_WARN_EMPTY_BODY = YES;
				CLANG_WARN_ENUM_CONVERSION = YES;
				CLANG_WARN_INFINITE_RECURSION = YES;
				CLANG_WARN_INT_CONVERSION = YES;
				CLANG_WARN_NON_LITERAL_NULL_CONVERSION = YES;
				CLANG_WARN_OBJC_IMPLICIT_RETAIN_SELF = YES;
				CLANG_WARN_OBJC_LITERAL_CONVERSION = YES;
				CLANG_WARN_OBJC_ROOT_CLASS = YES_ERROR;
				CLANG_WARN_QUOTED_INCLUDE_IN_FRAMEWORK_HEADER = YES;
				CLANG_WARN_RANGE_LOOP_ANALYSIS = YES;
				CLANG_WARN_STRICT_PROTOTYPES = YES;
				CLANG_WARN_SUSPICIOUS_MOVE = YES;
				CLANG_WARN_UNGUARDED_AVAILABILITY = YES_AGGRESSIVE;
				CLANG_WARN_UNREACHABLE_CODE = YES;
				CLANG_WARN__DUPLICATE_METHOD_MATCH = YES;
				COPY_PHASE_STRIP = NO;
				DEBUG_INFORMATION_FORMAT = "dwarf-with-dsym";
				ENABLE_NS_ASSERTIONS = NO;
				ENABLE_STRICT_OBJC_MSGSEND = YES;
				GCC_C_LANGUAGE_STANDARD = gnu11;
				GCC_NO_COMMON_BLOCKS = YES;
				GCC_WARN_64_TO_32_BIT_CONVERSION = YES;
				GCC_WARN_ABOUT_RETURN_TYPE = YES_ERROR;
				GCC_WARN_UNDECLARED_SELECTOR = YES;
				GCC_WARN_UNINITIALIZED_AUTOS = YES_AGGRESSIVE;
				GCC_WARN_UNUSED_FUNCTION = YES;
				GCC_WARN_UNUSED_VARIABLE = YES;
				IPHONEOS_DEPLOYMENT_TARGET = 16.2;
				MTL_ENABLE_DEBUG_INFO = NO;
				MTL_FAST_MATH = YES;
				SDKROOT = iphoneos;
				SWIFT_COMPILATION_MODE = wholemodule;
				SWIFT_OPTIMIZATION_LEVEL = "-O";
				VALIDATE_PRODUCT = YES;
			};
			name = Release;
		};
		607E6A5529D8EF3800A12B32 /* Debug */ = {
			isa = XCBuildConfiguration;
			buildSettings = {
				ASSETCATALOG_COMPILER_APPICON_NAME = AppIcon;
				ASSETCATALOG_COMPILER_GLOBAL_ACCENT_COLOR_NAME = AccentColor;
				CODE_SIGN_STYLE = Automatic;
				CURRENT_PROJECT_VERSION = 1;
				DEVELOPMENT_ASSET_PATHS = "\"qrCodeSwiftUI/Preview Content\"";
				DEVELOPMENT_TEAM = 28254X564U;
				ENABLE_PREVIEWS = YES;
				GENERATE_INFOPLIST_FILE = YES;
				INFOPLIST_KEY_CFBundleDisplayName = LingenLiefert;
				INFOPLIST_KEY_UIApplicationSceneManifest_Generation = YES;
				INFOPLIST_KEY_UIApplicationSupportsIndirectInputEvents = YES;
				INFOPLIST_KEY_UILaunchScreen_Generation = YES;
				INFOPLIST_KEY_UISupportedInterfaceOrientations_iPad = "UIInterfaceOrientationPortrait UIInterfaceOrientationPortraitUpsideDown UIInterfaceOrientationLandscapeLeft UIInterfaceOrientationLandscapeRight";
				INFOPLIST_KEY_UISupportedInterfaceOrientations_iPhone = "UIInterfaceOrientationPortrait UIInterfaceOrientationLandscapeLeft UIInterfaceOrientationLandscapeRight";
				IPHONEOS_DEPLOYMENT_TARGET = 16.2;
				LD_RUNPATH_SEARCH_PATHS = (
					"$(inherited)",
					"@executable_path/Frameworks",
				);
				MARKETING_VERSION = 1.0;
				PRODUCT_BUNDLE_IDENTIFIER = JD.qrCodeSwiftUI;
				PRODUCT_NAME = "$(TARGET_NAME)";
				SUPPORTED_PLATFORMS = "iphoneos iphonesimulator";
				SUPPORTS_MACCATALYST = NO;
				SUPPORTS_MAC_DESIGNED_FOR_IPHONE_IPAD = NO;
				SWIFT_EMIT_LOC_STRINGS = YES;
				SWIFT_VERSION = 5.0;
				TARGETED_DEVICE_FAMILY = 1;
			};
			name = Debug;
		};
		607E6A5629D8EF3800A12B32 /* Release */ = {
			isa = XCBuildConfiguration;
			buildSettings = {
				ASSETCATALOG_COMPILER_APPICON_NAME = AppIcon;
				ASSETCATALOG_COMPILER_GLOBAL_ACCENT_COLOR_NAME = AccentColor;
				CODE_SIGN_STYLE = Automatic;
				CURRENT_PROJECT_VERSION = 1;
				DEVELOPMENT_ASSET_PATHS = "\"qrCodeSwiftUI/Preview Content\"";
				DEVELOPMENT_TEAM = 28254X564U;
				ENABLE_PREVIEWS = YES;
				GENERATE_INFOPLIST_FILE = YES;
				INFOPLIST_KEY_CFBundleDisplayName = LingenLiefert;
				INFOPLIST_KEY_UIApplicationSceneManifest_Generation = YES;
				INFOPLIST_KEY_UIApplicationSupportsIndirectInputEvents = YES;
				INFOPLIST_KEY_UILaunchScreen_Generation = YES;
				INFOPLIST_KEY_UISupportedInterfaceOrientations_iPad = "UIInterfaceOrientationPortrait UIInterfaceOrientationPortraitUpsideDown UIInterfaceOrientationLandscapeLeft UIInterfaceOrientationLandscapeRight";
				INFOPLIST_KEY_UISupportedInterfaceOrientations_iPhone = "UIInterfaceOrientationPortrait UIInterfaceOrientationLandscapeLeft UIInterfaceOrientationLandscapeRight";
				IPHONEOS_DEPLOYMENT_TARGET = 16.2;
				LD_RUNPATH_SEARCH_PATHS = (
					"$(inherited)",
					"@executable_path/Frameworks",
				);
				MARKETING_VERSION = 1.0;
				PRODUCT_BUNDLE_IDENTIFIER = JD.qrCodeSwiftUI;
				PRODUCT_NAME = "$(TARGET_NAME)";
				SUPPORTED_PLATFORMS = "iphoneos iphonesimulator";
				SUPPORTS_MACCATALYST = NO;
				SUPPORTS_MAC_DESIGNED_FOR_IPHONE_IPAD = NO;
				SWIFT_EMIT_LOC_STRINGS = YES;
				SWIFT_VERSION = 5.0;
				TARGETED_DEVICE_FAMILY = 1;
			};
			name = Release;
		};
/* End XCBuildConfiguration section */

/* Begin XCConfigurationList section */
		607E6A4129D8EF3700A12B32 /* Build configuration list for PBXProject "qrCodeSwiftUI" */ = {
			isa = XCConfigurationList;
			buildConfigurations = (
				607E6A5229D8EF3800A12B32 /* Debug */,
				607E6A5329D8EF3800A12B32 /* Release */,
			);
			defaultConfigurationIsVisible = 0;
			defaultConfigurationName = Release;
		};
		607E6A5429D8EF3800A12B32 /* Build configuration list for PBXNativeTarget "qrCodeSwiftUI" */ = {
			isa = XCConfigurationList;
			buildConfigurations = (
				607E6A5529D8EF3800A12B32 /* Debug */,
				607E6A5629D8EF3800A12B32 /* Release */,
			);
			defaultConfigurationIsVisible = 0;
			defaultConfigurationName = Release;
		};
/* End XCConfigurationList section */
	};
	rootObject = 607E6A3E29D8EF3700A12B32 /* Project object */;
}
